Microsoft Visual Studio Solution File, Format Version 12.00
# Visual Studio Version 17
VisualStudioVersion = 17.5.2.0
MinimumVisualStudioVersion = 10.0.40219.1
Project("{FAE04EC0-301F-11D3-BF4B-00C04F79EFBC}") = "desafio-tecnico-paradigma", "desafio-tecnico-paradigma\desafio-tecnico-paradigma.csproj", "{B2D73162-3595-D829-9750-CF73B089C66F}"
EndProject
Global
	GlobalSection(SolutionConfigurationPlatforms) = preSolution
		Debug|Any CPU = Debug|Any CPU
		Release|Any CPU = Release|Any CPU
	EndGlobalSection
	GlobalSection(ProjectConfigurationPlatforms) = postSolution
		{B2D73162-3595-D829-9750-CF73B089C66F}.Debug|Any CPU.ActiveCfg = Debug|Any CPU
		{B2D73162-3595-D829-9750-CF73B089C66F}.Debug|Any CPU.Build.0 = Debug|Any CPU
		{B2D73162-3595-D829-9750-CF73B089C66F}.Release|Any CPU.ActiveCfg = Release|Any CPU
		{B2D73162-3595-D829-9750-CF73B089C66F}.Release|Any CPU.Build.0 = Release|Any CPU
	EndGlobalSection
	GlobalSection(SolutionProperties) = preSolution
		HideSolutionNode = FALSE
	EndGlobalSection
	GlobalSection(ExtensibilityGlobals) = postSolution
		SolutionGuid = {FBDE72B5-E19A-48CD-8E14-2FB295A4051B}
	EndGlobalSection
EndGlobal
